// !$*UTF8*$!
{
	archiveVersion = 1;
	classes = {
	};
	objectVersion = 46;
	objects = {

/* Begin PBXBuildFile section */
		9F283F171D1F811900C0708D /* BaseRequest.m in Sources */ = {isa = PBXBuildFile; fileRef = 9F283F161D1F811900C0708D /* BaseRequest.m */; };
		9F283F281D1F866800C0708D /* Signin.m in Sources */ = {isa = PBXBuildFile; fileRef = 9F283F251D1F866800C0708D /* Signin.m */; };
		9F283F291D1F866800C0708D /* Signup.m in Sources */ = {isa = PBXBuildFile; fileRef = 9F283F271D1F866800C0708D /* Signup.m */; };
		9F283F2C1D1F86B300C0708D /* User.m in Sources */ = {isa = PBXBuildFile; fileRef = 9F283F2B1D1F86B300C0708D /* User.m */; };
		9F283F2F1D1F879000C0708D /* SignupResponse.m in Sources */ = {isa = PBXBuildFile; fileRef = 9F283F2E1D1F879000C0708D /* SignupResponse.m */; };
		9F283F361D1F8A2600C0708D /* Cause.m in Sources */ = {isa = PBXBuildFile; fileRef = 9F283F321D1F8A2600C0708D /* Cause.m */; };
		9F283F371D1F8A2600C0708D /* Customer.m in Sources */ = {isa = PBXBuildFile; fileRef = 9F283F351D1F8A2600C0708D /* Customer.m */; };
		9F283F3C1D1F8C7700C0708D /* ListCausesRequestModel.m in Sources */ = {isa = PBXBuildFile; fileRef = 9F283F3B1D1F8C7700C0708D /* ListCausesRequestModel.m */; };
		9F283F401D1F8FED00C0708D /* AuthenticationRequest.m in Sources */ = {isa = PBXBuildFile; fileRef = 9F283F3F1D1F8FED00C0708D /* AuthenticationRequest.m */; };
		9F283F441D1F9C1F00C0708D /* CausesRequests.m in Sources */ = {isa = PBXBuildFile; fileRef = 9F283F431D1F9C1F00C0708D /* CausesRequests.m */; };
		9F283F471D1FA44C00C0708D /* CauseResponse.m in Sources */ = {isa = PBXBuildFile; fileRef = 9F283F461D1FA44C00C0708D /* CauseResponse.m */; };
		9F6150FB1D1F7D6A00FF9ED6 /* main.m in Sources */ = {isa = PBXBuildFile; fileRef = 9F6150FA1D1F7D6A00FF9ED6 /* main.m */; };
		9F6150FE1D1F7D6A00FF9ED6 /* AppDelegate.m in Sources */ = {isa = PBXBuildFile; fileRef = 9F6150FD1D1F7D6A00FF9ED6 /* AppDelegate.m */; };
		9F6151011D1F7D6A00FF9ED6 /* FirstViewController.m in Sources */ = {isa = PBXBuildFile; fileRef = 9F6151001D1F7D6A00FF9ED6 /* FirstViewController.m */; };
		9F6151041D1F7D6A00FF9ED6 /* SecondViewController.m in Sources */ = {isa = PBXBuildFile; fileRef = 9F6151031D1F7D6A00FF9ED6 /* SecondViewController.m */; };
		9F6151071D1F7D6A00FF9ED6 /* Main_Storyboard.storyboard in Resources */ = {isa = PBXBuildFile; fileRef = 9F6151051D1F7D6A00FF9ED6 /* Main_Storyboard.storyboard */; };
		9F6151091D1F7D6A00FF9ED6 /* Assets.xcassets in Resources */ = {isa = PBXBuildFile; fileRef = 9F6151081D1F7D6A00FF9ED6 /* Assets.xcassets */; };
		9F61510C1D1F7D6A00FF9ED6 /* LaunchScreen.storyboard in Resources */ = {isa = PBXBuildFile; fileRef = 9F61510A1D1F7D6A00FF9ED6 /* LaunchScreen.storyboard */; };
		9F6A857D1D2060B50049CCA9 /* SignupViewController.m in Sources */ = {isa = PBXBuildFile; fileRef = 9F6A857C1D2060B50049CCA9 /* SignupViewController.m */; };
		9FC543731D2026560076CAAC /* Storyboard_Authentication.storyboard in Resources */ = {isa = PBXBuildFile; fileRef = 9FC543721D2026560076CAAC /* Storyboard_Authentication.storyboard */; };
		9FC543781D2033050076CAAC /* AuthenticationViewController.m in Sources */ = {isa = PBXBuildFile; fileRef = 9FC543771D2033050076CAAC /* AuthenticationViewController.m */; };
		C6AE45A3AD839C14104A090B /* Pods_Nao_Compra.framework in Frameworks */ = {isa = PBXBuildFile; fileRef = 4F7D9186573A77AEFBE183DE /* Pods_Nao_Compra.framework */; };
/* End PBXBuildFile section */

/* Begin PBXFileReference section */
		42FB4BBC5E80AAABAA41A3DE /* Pods-Nao Compra.debug.xcconfig */ = {isa = PBXFileReference; includeInIndex = 1; lastKnownFileType = text.xcconfig; name = "Pods-Nao Compra.debug.xcconfig"; path = "Pods/Target Support Files/Pods-Nao Compra/Pods-Nao Compra.debug.xcconfig"; sourceTree = "<group>"; };
		4F7D9186573A77AEFBE183DE /* Pods_Nao_Compra.framework */ = {isa = PBXFileReference; explicitFileType = wrapper.framework; includeInIndex = 0; path = Pods_Nao_Compra.framework; sourceTree = BUILT_PRODUCTS_DIR; };
		9F283F151D1F811900C0708D /* BaseRequest.h */ = {isa = PBXFileReference; fileEncoding = 4; lastKnownFileType = sourcecode.c.h; path = BaseRequest.h; sourceTree = "<group>"; };
		9F283F161D1F811900C0708D /* BaseRequest.m */ = {isa = PBXFileReference; fileEncoding = 4; lastKnownFileType = sourcecode.c.objc; path = BaseRequest.m; sourceTree = "<group>"; };
		9F283F191D1F817900C0708D /* Endpoints.h */ = {isa = PBXFileReference; lastKnownFileType = sourcecode.c.h; name = Endpoints.h; path = Endpoints/Endpoints.h; sourceTree = "<group>"; };
		9F283F241D1F866800C0708D /* Signin.h */ = {isa = PBXFileReference; fileEncoding = 4; lastKnownFileType = sourcecode.c.h; path = Signin.h; sourceTree = "<group>"; };
		9F283F251D1F866800C0708D /* Signin.m */ = {isa = PBXFileReference; fileEncoding = 4; lastKnownFileType = sourcecode.c.objc; path = Signin.m; sourceTree = "<group>"; };
		9F283F261D1F866800C0708D /* Signup.h */ = {isa = PBXFileReference; fileEncoding = 4; lastKnownFileType = sourcecode.c.h; path = Signup.h; sourceTree = "<group>"; };
		9F283F271D1F866800C0708D /* Signup.m */ = {isa = PBXFileReference; fileEncoding = 4; lastKnownFileType = sourcecode.c.objc; path = Signup.m; sourceTree = "<group>"; };
		9F283F2A1D1F86B300C0708D /* User.h */ = {isa = PBXFileReference; fileEncoding = 4; lastKnownFileType = sourcecode.c.h; path = User.h; sourceTree = "<group>"; };
		9F283F2B1D1F86B300C0708D /* User.m */ = {isa = PBXFileReference; fileEncoding = 4; lastKnownFileType = sourcecode.c.objc; path = User.m; sourceTree = "<group>"; };
		9F283F2D1D1F879000C0708D /* SignupResponse.h */ = {isa = PBXFileReference; fileEncoding = 4; lastKnownFileType = sourcecode.c.h; path = SignupResponse.h; sourceTree = "<group>"; };
		9F283F2E1D1F879000C0708D /* SignupResponse.m */ = {isa = PBXFileReference; fileEncoding = 4; lastKnownFileType = sourcecode.c.objc; path = SignupResponse.m; sourceTree = "<group>"; };
		9F283F311D1F8A2600C0708D /* Cause.h */ = {isa = PBXFileReference; fileEncoding = 4; lastKnownFileType = sourcecode.c.h; path = Cause.h; sourceTree = "<group>"; };
		9F283F321D1F8A2600C0708D /* Cause.m */ = {isa = PBXFileReference; fileEncoding = 4; lastKnownFileType = sourcecode.c.objc; path = Cause.m; sourceTree = "<group>"; };
		9F283F341D1F8A2600C0708D /* Customer.h */ = {isa = PBXFileReference; fileEncoding = 4; lastKnownFileType = sourcecode.c.h; path = Customer.h; sourceTree = "<group>"; };
		9F283F351D1F8A2600C0708D /* Customer.m */ = {isa = PBXFileReference; fileEncoding = 4; lastKnownFileType = sourcecode.c.objc; path = Customer.m; sourceTree = "<group>"; };
		9F283F3A1D1F8C7700C0708D /* ListCausesRequestModel.h */ = {isa = PBXFileReference; fileEncoding = 4; lastKnownFileType = sourcecode.c.h; path = ListCausesRequestModel.h; sourceTree = "<group>"; };
		9F283F3B1D1F8C7700C0708D /* ListCausesRequestModel.m */ = {isa = PBXFileReference; fileEncoding = 4; lastKnownFileType = sourcecode.c.objc; path = ListCausesRequestModel.m; sourceTree = "<group>"; };
		9F283F3E1D1F8FED00C0708D /* AuthenticationRequest.h */ = {isa = PBXFileReference; fileEncoding = 4; lastKnownFileType = sourcecode.c.h; name = AuthenticationRequest.h; path = Requests/Authentication/AuthenticationRequest.h; sourceTree = "<group>"; };
		9F283F3F1D1F8FED00C0708D /* AuthenticationRequest.m */ = {isa = PBXFileReference; fileEncoding = 4; lastKnownFileType = sourcecode.c.objc; name = AuthenticationRequest.m; path = Requests/Authentication/AuthenticationRequest.m; sourceTree = "<group>"; };
		9F283F421D1F9C1F00C0708D /* CausesRequests.h */ = {isa = PBXFileReference; fileEncoding = 4; lastKnownFileType = sourcecode.c.h; name = CausesRequests.h; path = Requests/Causes/CausesRequests.h; sourceTree = "<group>"; };
		9F283F431D1F9C1F00C0708D /* CausesRequests.m */ = {isa = PBXFileReference; fileEncoding = 4; lastKnownFileType = sourcecode.c.objc; name = CausesRequests.m; path = Requests/Causes/CausesRequests.m; sourceTree = "<group>"; };
		9F283F451D1FA44C00C0708D /* CauseResponse.h */ = {isa = PBXFileReference; fileEncoding = 4; lastKnownFileType = sourcecode.c.h; path = CauseResponse.h; sourceTree = "<group>"; };
		9F283F461D1FA44C00C0708D /* CauseResponse.m */ = {isa = PBXFileReference; fileEncoding = 4; lastKnownFileType = sourcecode.c.objc; path = CauseResponse.m; sourceTree = "<group>"; };
		9F6150F61D1F7D6A00FF9ED6 /* Nao Compra.app */ = {isa = PBXFileReference; explicitFileType = wrapper.application; includeInIndex = 0; path = "Nao Compra.app"; sourceTree = BUILT_PRODUCTS_DIR; };
		9F6150FA1D1F7D6A00FF9ED6 /* main.m */ = {isa = PBXFileReference; lastKnownFileType = sourcecode.c.objc; path = main.m; sourceTree = "<group>"; };
		9F6150FC1D1F7D6A00FF9ED6 /* AppDelegate.h */ = {isa = PBXFileReference; lastKnownFileType = sourcecode.c.h; path = AppDelegate.h; sourceTree = "<group>"; };
		9F6150FD1D1F7D6A00FF9ED6 /* AppDelegate.m */ = {isa = PBXFileReference; lastKnownFileType = sourcecode.c.objc; path = AppDelegate.m; sourceTree = "<group>"; };
		9F6150FF1D1F7D6A00FF9ED6 /* FirstViewController.h */ = {isa = PBXFileReference; lastKnownFileType = sourcecode.c.h; path = FirstViewController.h; sourceTree = "<group>"; };
		9F6151001D1F7D6A00FF9ED6 /* FirstViewController.m */ = {isa = PBXFileReference; lastKnownFileType = sourcecode.c.objc; path = FirstViewController.m; sourceTree = "<group>"; };
		9F6151021D1F7D6A00FF9ED6 /* SecondViewController.h */ = {isa = PBXFileReference; lastKnownFileType = sourcecode.c.h; path = SecondViewController.h; sourceTree = "<group>"; };
		9F6151031D1F7D6A00FF9ED6 /* SecondViewController.m */ = {isa = PBXFileReference; lastKnownFileType = sourcecode.c.objc; path = SecondViewController.m; sourceTree = "<group>"; };
		9F6151061D1F7D6A00FF9ED6 /* Base */ = {isa = PBXFileReference; lastKnownFileType = file.storyboard; name = Base; path = Base.lproj/Main_Storyboard.storyboard; sourceTree = "<group>"; };
		9F6151081D1F7D6A00FF9ED6 /* Assets.xcassets */ = {isa = PBXFileReference; lastKnownFileType = folder.assetcatalog; path = Assets.xcassets; sourceTree = "<group>"; };
		9F61510B1D1F7D6A00FF9ED6 /* Base */ = {isa = PBXFileReference; lastKnownFileType = file.storyboard; name = Base; path = Base.lproj/LaunchScreen.storyboard; sourceTree = "<group>"; };
		9F61510D1D1F7D6A00FF9ED6 /* Info.plist */ = {isa = PBXFileReference; lastKnownFileType = text.plist.xml; path = Info.plist; sourceTree = "<group>"; };
		9F6A857B1D2060B50049CCA9 /* SignupViewController.h */ = {isa = PBXFileReference; fileEncoding = 4; lastKnownFileType = sourcecode.c.h; name = SignupViewController.h; path = controller/Authentication/SignupViewController.h; sourceTree = "<group>"; };
		9F6A857C1D2060B50049CCA9 /* SignupViewController.m */ = {isa = PBXFileReference; fileEncoding = 4; lastKnownFileType = sourcecode.c.objc; name = SignupViewController.m; path = controller/Authentication/SignupViewController.m; sourceTree = "<group>"; };
		9FC543721D2026560076CAAC /* Storyboard_Authentication.storyboard */ = {isa = PBXFileReference; fileEncoding = 4; lastKnownFileType = file.storyboard; name = Storyboard_Authentication.storyboard; path = view/Authentication/Storyboard_Authentication.storyboard; sourceTree = "<group>"; };
		9FC543761D2033050076CAAC /* AuthenticationViewController.h */ = {isa = PBXFileReference; fileEncoding = 4; lastKnownFileType = sourcecode.c.h; name = AuthenticationViewController.h; path = controller/Authentication/AuthenticationViewController.h; sourceTree = "<group>"; };
		9FC543771D2033050076CAAC /* AuthenticationViewController.m */ = {isa = PBXFileReference; fileEncoding = 4; lastKnownFileType = sourcecode.c.objc; name = AuthenticationViewController.m; path = controller/Authentication/AuthenticationViewController.m; sourceTree = "<group>"; };
		DE1829728FFEE10A29A42BB0 /* Pods-Nao Compra.release.xcconfig */ = {isa = PBXFileReference; includeInIndex = 1; lastKnownFileType = text.xcconfig; name = "Pods-Nao Compra.release.xcconfig"; path = "Pods/Target Support Files/Pods-Nao Compra/Pods-Nao Compra.release.xcconfig"; sourceTree = "<group>"; };
/* End PBXFileReference section */

/* Begin PBXFrameworksBuildPhase section */
		9F6150F31D1F7D6A00FF9ED6 /* Frameworks */ = {
			isa = PBXFrameworksBuildPhase;
			buildActionMask = 2147483647;
			files = (
				C6AE45A3AD839C14104A090B /* Pods_Nao_Compra.framework in Frameworks */,
			);
			runOnlyForDeploymentPostprocessing = 0;
		};
/* End PBXFrameworksBuildPhase section */

/* Begin PBXGroup section */
		9F283F121D1F811900C0708D /* view-controller */ = {
			isa = PBXGroup;
			children = (
				9F283F221D1F866800C0708D /* Models */,
				9F283F131D1F811900C0708D /* Requests */,
			);
			path = "view-controller";
			sourceTree = "<group>";
		};
		9F283F131D1F811900C0708D /* Requests */ = {
			isa = PBXGroup;
			children = (
				9F283F411D1F9BF900C0708D /* Causes */,
				9F283F3D1D1F8F5C00C0708D /* Authentication */,
				9F283F181D1F815400C0708D /* Endpoints */,
				9F283F141D1F811900C0708D /* Base request */,
			);
			path = Requests;
			sourceTree = "<group>";
		};
		9F283F141D1F811900C0708D /* Base request */ = {
			isa = PBXGroup;
			children = (
				9F283F151D1F811900C0708D /* BaseRequest.h */,
				9F283F161D1F811900C0708D /* BaseRequest.m */,
			);
			path = "Base request";
			sourceTree = "<group>";
		};
		9F283F181D1F815400C0708D /* Endpoints */ = {
			isa = PBXGroup;
			children = (
				9F283F191D1F817900C0708D /* Endpoints.h */,
			);
			name = Endpoints;
			sourceTree = "<group>";
		};
		9F283F221D1F866800C0708D /* Models */ = {
			isa = PBXGroup;
			children = (
				9F283F301D1F8A2600C0708D /* Causes */,
				9F283F331D1F8A2600C0708D /* Customer */,
				9F283F231D1F866800C0708D /* User */,
			);
			name = Models;
			path = Requests/Models;
			sourceTree = "<group>";
		};
		9F283F231D1F866800C0708D /* User */ = {
			isa = PBXGroup;
			children = (
				9F283F2D1D1F879000C0708D /* SignupResponse.h */,
				9F283F2E1D1F879000C0708D /* SignupResponse.m */,
				9F283F2A1D1F86B300C0708D /* User.h */,
				9F283F2B1D1F86B300C0708D /* User.m */,
				9F283F241D1F866800C0708D /* Signin.h */,
				9F283F251D1F866800C0708D /* Signin.m */,
				9F283F261D1F866800C0708D /* Signup.h */,
				9F283F271D1F866800C0708D /* Signup.m */,
			);
			path = User;
			sourceTree = "<group>";
		};
		9F283F301D1F8A2600C0708D /* Causes */ = {
			isa = PBXGroup;
			children = (
				9F283F311D1F8A2600C0708D /* Cause.h */,
				9F283F321D1F8A2600C0708D /* Cause.m */,
				9F283F3A1D1F8C7700C0708D /* ListCausesRequestModel.h */,
				9F283F3B1D1F8C7700C0708D /* ListCausesRequestModel.m */,
				9F283F451D1FA44C00C0708D /* CauseResponse.h */,
				9F283F461D1FA44C00C0708D /* CauseResponse.m */,
			);
			path = Causes;
			sourceTree = "<group>";
		};
		9F283F331D1F8A2600C0708D /* Customer */ = {
			isa = PBXGroup;
			children = (
				9F283F341D1F8A2600C0708D /* Customer.h */,
				9F283F351D1F8A2600C0708D /* Customer.m */,
			);
			path = Customer;
			sourceTree = "<group>";
		};
		9F283F3D1D1F8F5C00C0708D /* Authentication */ = {
			isa = PBXGroup;
			children = (
				9F283F3E1D1F8FED00C0708D /* AuthenticationRequest.h */,
				9F283F3F1D1F8FED00C0708D /* AuthenticationRequest.m */,
			);
			name = Authentication;
			sourceTree = "<group>";
		};
		9F283F411D1F9BF900C0708D /* Causes */ = {
			isa = PBXGroup;
			children = (
				9F283F421D1F9C1F00C0708D /* CausesRequests.h */,
				9F283F431D1F9C1F00C0708D /* CausesRequests.m */,
			);
			name = Causes;
			sourceTree = "<group>";
		};
		9F6150ED1D1F7D6900FF9ED6 = {
			isa = PBXGroup;
			children = (
				9F6150F81D1F7D6A00FF9ED6 /* Nao Compra */,
				9F6150F71D1F7D6A00FF9ED6 /* Products */,
				A99EB4E35926EBD0007874D1 /* Pods */,
				B2433EB451712A37D7B30D97 /* Frameworks */,
			);
			sourceTree = "<group>";
		};
		9F6150F71D1F7D6A00FF9ED6 /* Products */ = {
			isa = PBXGroup;
			children = (
				9F6150F61D1F7D6A00FF9ED6 /* Nao Compra.app */,
			);
			name = Products;
			sourceTree = "<group>";
		};
		9F6150F81D1F7D6A00FF9ED6 /* Nao Compra */ = {
			isa = PBXGroup;
			children = (
				9FC543711D2025B50076CAAC /* model */,
				9FC543701D2025A90076CAAC /* controller */,
				9FC5436F1D20259D0076CAAC /* view */,
				9F283F121D1F811900C0708D /* view-controller */,
				9F6150FC1D1F7D6A00FF9ED6 /* AppDelegate.h */,
				9F6150FD1D1F7D6A00FF9ED6 /* AppDelegate.m */,
				9F6151081D1F7D6A00FF9ED6 /* Assets.xcassets */,
				9F61510D1D1F7D6A00FF9ED6 /* Info.plist */,
				9F6150F91D1F7D6A00FF9ED6 /* Supporting Files */,
			);
			path = "Nao Compra";
			sourceTree = "<group>";
		};
		9F6150F91D1F7D6A00FF9ED6 /* Supporting Files */ = {
			isa = PBXGroup;
			children = (
				9F6150FA1D1F7D6A00FF9ED6 /* main.m */,
			);
			name = "Supporting Files";
			sourceTree = "<group>";
		};
		9FC5436F1D20259D0076CAAC /* view */ = {
			isa = PBXGroup;
			children = (
				9FC543741D2026750076CAAC /* Authentication */,
				9F6151051D1F7D6A00FF9ED6 /* Main_Storyboard.storyboard */,
				9F61510A1D1F7D6A00FF9ED6 /* LaunchScreen.storyboard */,
			);
			name = view;
			sourceTree = "<group>";
		};
		9FC543701D2025A90076CAAC /* controller */ = {
			isa = PBXGroup;
			children = (
				9FC543751D2032C80076CAAC /* Authentication */,
				9F6150FF1D1F7D6A00FF9ED6 /* FirstViewController.h */,
				9F6151001D1F7D6A00FF9ED6 /* FirstViewController.m */,
				9F6151021D1F7D6A00FF9ED6 /* SecondViewController.h */,
				9F6151031D1F7D6A00FF9ED6 /* SecondViewController.m */,
			);
			name = controller;
			sourceTree = "<group>";
		};
		9FC543711D2025B50076CAAC /* model */ = {
			isa = PBXGroup;
			children = (
			);
			name = model;
			sourceTree = "<group>";
		};
		9FC543741D2026750076CAAC /* Authentication */ = {
			isa = PBXGroup;
			children = (
				9FC543721D2026560076CAAC /* Storyboard_Authentication.storyboard */,
			);
			name = Authentication;
			sourceTree = "<group>";
		};
		9FC543751D2032C80076CAAC /* Authentication */ = {
			isa = PBXGroup;
			children = (
				9FC543761D2033050076CAAC /* AuthenticationViewController.h */,
				9FC543771D2033050076CAAC /* AuthenticationViewController.m */,
				9F6A857B1D2060B50049CCA9 /* SignupViewController.h */,
				9F6A857C1D2060B50049CCA9 /* SignupViewController.m */,
			);
			name = Authentication;
			sourceTree = "<group>";
		};
		A99EB4E35926EBD0007874D1 /* Pods */ = {
			isa = PBXGroup;
			children = (
				42FB4BBC5E80AAABAA41A3DE /* Pods-Nao Compra.debug.xcconfig */,
				DE1829728FFEE10A29A42BB0 /* Pods-Nao Compra.release.xcconfig */,
			);
			name = Pods;
			sourceTree = "<group>";
		};
		B2433EB451712A37D7B30D97 /* Frameworks */ = {
			isa = PBXGroup;
			children = (
				4F7D9186573A77AEFBE183DE /* Pods_Nao_Compra.framework */,
			);
			name = Frameworks;
			sourceTree = "<group>";
		};
/* End PBXGroup section */

/* Begin PBXNativeTarget section */
		9F6150F51D1F7D6A00FF9ED6 /* Nao Compra */ = {
			isa = PBXNativeTarget;
			buildConfigurationList = 9F6151101D1F7D6A00FF9ED6 /* Build configuration list for PBXNativeTarget "Nao Compra" */;
			buildPhases = (
				54F12D5EE00190A503EA745C /* [CP] Check Pods Manifest.lock */,
				9F6150F21D1F7D6A00FF9ED6 /* Sources */,
				9F6150F31D1F7D6A00FF9ED6 /* Frameworks */,
				9F6150F41D1F7D6A00FF9ED6 /* Resources */,
				8BC712BC90C477940D1D0C41 /* [CP] Embed Pods Frameworks */,
				55EC0D19C150CADD326B39FC /* [CP] Copy Pods Resources */,
			);
			buildRules = (
			);
			dependencies = (
			);
			name = "Nao Compra";
			productName = "Nao Compra";
			productReference = 9F6150F61D1F7D6A00FF9ED6 /* Nao Compra.app */;
			productType = "com.apple.product-type.application";
		};
/* End PBXNativeTarget section */

/* Begin PBXProject section */
		9F6150EE1D1F7D6900FF9ED6 /* Project object */ = {
			isa = PBXProject;
			attributes = {
				LastUpgradeCheck = 0720;
				ORGANIZATIONNAME = "Jorge Henrique Rocha";
				TargetAttributes = {
					9F6150F51D1F7D6A00FF9ED6 = {
						CreatedOnToolsVersion = 7.2.1;
					};
				};
			};
			buildConfigurationList = 9F6150F11D1F7D6900FF9ED6 /* Build configuration list for PBXProject "Nao Compra" */;
			compatibilityVersion = "Xcode 3.2";
			developmentRegion = English;
			hasScannedForEncodings = 0;
			knownRegions = (
				en,
				Base,
			);
			mainGroup = 9F6150ED1D1F7D6900FF9ED6;
			productRefGroup = 9F6150F71D1F7D6A00FF9ED6 /* Products */;
			projectDirPath = "";
			projectRoot = "";
			targets = (
				9F6150F51D1F7D6A00FF9ED6 /* Nao Compra */,
			);
		};
/* End PBXProject section */

/* Begin PBXResourcesBuildPhase section */
		9F6150F41D1F7D6A00FF9ED6 /* Resources */ = {
			isa = PBXResourcesBuildPhase;
			buildActionMask = 2147483647;
			files = (
				9F61510C1D1F7D6A00FF9ED6 /* LaunchScreen.storyboard in Resources */,
				9F6151091D1F7D6A00FF9ED6 /* Assets.xcassets in Resources */,
				9F6151071D1F7D6A00FF9ED6 /* Main_Storyboard.storyboard in Resources */,
				9FC543731D2026560076CAAC /* Storyboard_Authentication.storyboard in Resources */,
			);
			runOnlyForDeploymentPostprocessing = 0;
		};
/* End PBXResourcesBuildPhase section */

/* Begin PBXShellScriptBuildPhase section */
		54F12D5EE00190A503EA745C /* [CP] Check Pods Manifest.lock */ = {
			isa = PBXShellScriptBuildPhase;
			buildActionMask = 2147483647;
			files = (
			);
			inputPaths = (
			);
			name = "[CP] Check Pods Manifest.lock";
			outputPaths = (
			);
			runOnlyForDeploymentPostprocessing = 0;
			shellPath = /bin/sh;
			shellScript = "diff \"${PODS_ROOT}/../Podfile.lock\" \"${PODS_ROOT}/Manifest.lock\" > /dev/null\nif [[ $? != 0 ]] ; then\n    cat << EOM\nerror: The sandbox is not in sync with the Podfile.lock. Run 'pod install' or update your CocoaPods installation.\nEOM\n    exit 1\nfi\n";
			showEnvVarsInLog = 0;
		};
		55EC0D19C150CADD326B39FC /* [CP] Copy Pods Resources */ = {
			isa = PBXShellScriptBuildPhase;
			buildActionMask = 2147483647;
			files = (
			);
			inputPaths = (
			);
			name = "[CP] Copy Pods Resources";
			outputPaths = (
			);
			runOnlyForDeploymentPostprocessing = 0;
			shellPath = /bin/sh;
			shellScript = "\"${SRCROOT}/Pods/Target Support Files/Pods-Nao Compra/Pods-Nao Compra-resources.sh\"\n";
			showEnvVarsInLog = 0;
		};
		8BC712BC90C477940D1D0C41 /* [CP] Embed Pods Frameworks */ = {
			isa = PBXShellScriptBuildPhase;
			buildActionMask = 2147483647;
			files = (
			);
			inputPaths = (
			);
			name = "[CP] Embed Pods Frameworks";
			outputPaths = (
			);
			runOnlyForDeploymentPostprocessing = 0;
			shellPath = /bin/sh;
			shellScript = "\"${SRCROOT}/Pods/Target Support Files/Pods-Nao Compra/Pods-Nao Compra-frameworks.sh\"\n";
			showEnvVarsInLog = 0;
		};
/* End PBXShellScriptBuildPhase section */

/* Begin PBXSourcesBuildPhase section */
		9F6150F21D1F7D6A00FF9ED6 /* Sources */ = {
			isa = PBXSourcesBuildPhase;
			buildActionMask = 2147483647;
			files = (
				9F283F371D1F8A2600C0708D /* Customer.m in Sources */,
				9F283F441D1F9C1F00C0708D /* CausesRequests.m in Sources */,
				9F283F2C1D1F86B300C0708D /* User.m in Sources */,
				9F6A857D1D2060B50049CCA9 /* SignupViewController.m in Sources */,
				9F283F361D1F8A2600C0708D /* Cause.m in Sources */,
				9F6151041D1F7D6A00FF9ED6 /* SecondViewController.m in Sources */,
				9F283F401D1F8FED00C0708D /* AuthenticationRequest.m in Sources */,
				9F6150FE1D1F7D6A00FF9ED6 /* AppDelegate.m in Sources */,
				9F283F3C1D1F8C7700C0708D /* ListCausesRequestModel.m in Sources */,
				9FC543781D2033050076CAAC /* AuthenticationViewController.m in Sources */,
				9F283F171D1F811900C0708D /* BaseRequest.m in Sources */,
				9F283F471D1FA44C00C0708D /* CauseResponse.m in Sources */,
				9F283F281D1F866800C0708D /* Signin.m in Sources */,
				9F283F2F1D1F879000C0708D /* SignupResponse.m in Sources */,
				9F6151011D1F7D6A00FF9ED6 /* FirstViewController.m in Sources */,
				9F6150FB1D1F7D6A00FF9ED6 /* main.m in Sources */,
				9F283F291D1F866800C0708D /* Signup.m in Sources */,
			);
			runOnlyForDeploymentPostprocessing = 0;
		};
/* End PBXSourcesBuildPhase section */

/* Begin PBXVariantGroup section */
		9F6151051D1F7D6A00FF9ED6 /* Main_Storyboard.storyboard */ = {
			isa = PBXVariantGroup;
			children = (
				9F6151061D1F7D6A00FF9ED6 /* Base */,
			);
			name = Main_Storyboard.storyboard;
			sourceTree = "<group>";
		};
		9F61510A1D1F7D6A00FF9ED6 /* LaunchScreen.storyboard */ = {
			isa = PBXVariantGroup;
			children = (
				9F61510B1D1F7D6A00FF9ED6 /* Base */,
			);
			name = LaunchScreen.storyboard;
			sourceTree = "<group>";
		};
/* End PBXVariantGroup section */

/* Begin XCBuildConfiguration section */
		9F61510E1D1F7D6A00FF9ED6 /* Debug */ = {
			isa = XCBuildConfiguration;
			buildSettings = {
				ALWAYS_SEARCH_USER_PATHS = NO;
				CLANG_CXX_LANGUAGE_STANDARD = "gnu++0x";
				CLANG_CXX_LIBRARY = "libc++";
				CLANG_ENABLE_MODULES = YES;
				CLANG_ENABLE_OBJC_ARC = YES;
				CLANG_WARN_BOOL_CONVERSION = YES;
				CLANG_WARN_CONSTANT_CONVERSION = YES;
				CLANG_WARN_DIRECT_OBJC_ISA_USAGE = YES_ERROR;
				CLANG_WARN_EMPTY_BODY = YES;
				CLANG_WARN_ENUM_CONVERSION = YES;
				CLANG_WARN_INT_CONVERSION = YES;
				CLANG_WARN_OBJC_ROOT_CLASS = YES_ERROR;
				CLANG_WARN_UNREACHABLE_CODE = YES;
				CLANG_WARN__DUPLICATE_METHOD_MATCH = YES;
				"CODE_SIGN_IDENTITY[sdk=iphoneos*]" = "iPhone Developer";
				COPY_PHASE_STRIP = NO;
				DEBUG_INFORMATION_FORMAT = dwarf;
				ENABLE_STRICT_OBJC_MSGSEND = YES;
				ENABLE_TESTABILITY = YES;
				GCC_C_LANGUAGE_STANDARD = gnu99;
				GCC_DYNAMIC_NO_PIC = NO;
				GCC_NO_COMMON_BLOCKS = YES;
				GCC_OPTIMIZATION_LEVEL = 0;
				GCC_PREPROCESSOR_DEFINITIONS = (
					"DEBUG=1",
					"$(inherited)",
				);
				GCC_WARN_64_TO_32_BIT_CONVERSION = YES;
				GCC_WARN_ABOUT_RETURN_TYPE = YES_ERROR;
				GCC_WARN_UNDECLARED_SELECTOR = YES;
				GCC_WARN_UNINITIALIZED_AUTOS = YES_AGGRESSIVE;
				GCC_WARN_UNUSED_FUNCTION = YES;
				GCC_WARN_UNUSED_VARIABLE = YES;
				IPHONEOS_DEPLOYMENT_TARGET = 9.2;
				MTL_ENABLE_DEBUG_INFO = YES;
				ONLY_ACTIVE_ARCH = YES;
				SDKROOT = iphoneos;
				TARGETED_DEVICE_FAMILY = "1,2";
			};
			name = Debug;
		};
		9F61510F1D1F7D6A00FF9ED6 /* Release */ = {
			isa = XCBuildConfiguration;
			buildSettings = {
				ALWAYS_SEARCH_USER_PATHS = NO;
				CLANG_CXX_LANGUAGE_STANDARD = "gnu++0x";
				CLANG_CXX_LIBRARY = "libc++";
				CLANG_ENABLE_MODULES = YES;
				CLANG_ENABLE_OBJC_ARC = YES;
				CLANG_WARN_BOOL_CONVERSION = YES;
				CLANG_WARN_CONSTANT_CONVERSION = YES;
				CLANG_WARN_DIRECT_OBJC_ISA_USAGE = YES_ERROR;
				CLANG_WARN_EMPTY_BODY = YES;
				CLANG_WARN_ENUM_CONVERSION = YES;
				CLANG_WARN_INT_CONVERSION = YES;
				CLANG_WARN_OBJC_ROOT_CLASS = YES_ERROR;
				CLANG_WARN_UNREACHABLE_CODE = YES;
				CLANG_WARN__DUPLICATE_METHOD_MATCH = YES;
				"CODE_SIGN_IDENTITY[sdk=iphoneos*]" = "iPhone Developer";
				COPY_PHASE_STRIP = NO;
				DEBUG_INFORMATION_FORMAT = "dwarf-with-dsym";
				ENABLE_NS_ASSERTIONS = NO;
				ENABLE_STRICT_OBJC_MSGSEND = YES;
				GCC_C_LANGUAGE_STANDARD = gnu99;
				GCC_NO_COMMON_BLOCKS = YES;
				GCC_WARN_64_TO_32_BIT_CONVERSION = YES;
				GCC_WARN_ABOUT_RETURN_TYPE = YES_ERROR;
				GCC_WARN_UNDECLARED_SELECTOR = YES;
				GCC_WARN_UNINITIALIZED_AUTOS = YES_AGGRESSIVE;
				GCC_WARN_UNUSED_FUNCTION = YES;
				GCC_WARN_UNUSED_VARIABLE = YES;
				IPHONEOS_DEPLOYMENT_TARGET = 9.2;
				MTL_ENABLE_DEBUG_INFO = NO;
				SDKROOT = iphoneos;
				TARGETED_DEVICE_FAMILY = "1,2";
				VALIDATE_PRODUCT = YES;
			};
			name = Release;
		};
		9F6151111D1F7D6A00FF9ED6 /* Debug */ = {
			isa = XCBuildConfiguration;
			baseConfigurationReference = 42FB4BBC5E80AAABAA41A3DE /* Pods-Nao Compra.debug.xcconfig */;
			buildSettings = {
				ASSETCATALOG_COMPILER_APPICON_NAME = AppIcon;
				INFOPLIST_FILE = "Nao Compra/Info.plist";
				LD_RUNPATH_SEARCH_PATHS = "$(inherited) @executable_path/Frameworks";
				PRODUCT_BUNDLE_IDENTIFIER = "trakto.Nao-Compra";
				PRODUCT_NAME = "$(TARGET_NAME)";
			};
			name = Debug;
		};
		9F6151121D1F7D6A00FF9ED6 /* Release */ = {
			isa = XCBuildConfiguration;
			baseConfigurationReference = DE1829728FFEE10A29A42BB0 /* Pods-Nao Compra.release.xcconfig */;
			buildSettings = {
				ASSETCATALOG_COMPILER_APPICON_NAME = AppIcon;
				INFOPLIST_FILE = "Nao Compra/Info.plist";
				LD_RUNPATH_SEARCH_PATHS = "$(inherited) @executable_path/Frameworks";
				PRODUCT_BUNDLE_IDENTIFIER = "trakto.Nao-Compra";
				PRODUCT_NAME = "$(TARGET_NAME)";
			};
			name = Release;
		};
/* End XCBuildConfiguration section */

/* Begin XCConfigurationList section */
		9F6150F11D1F7D6900FF9ED6 /* Build configuration list for PBXProject "Nao Compra" */ = {
			isa = XCConfigurationList;
			buildConfigurations = (
				9F61510E1D1F7D6A00FF9ED6 /* Debug */,
				9F61510F1D1F7D6A00FF9ED6 /* Release */,
			);
			defaultConfigurationIsVisible = 0;
			defaultConfigurationName = Release;
		};
		9F6151101D1F7D6A00FF9ED6 /* Build configuration list for PBXNativeTarget "Nao Compra" */ = {
			isa = XCConfigurationList;
			buildConfigurations = (
				9F6151111D1F7D6A00FF9ED6 /* Debug */,
				9F6151121D1F7D6A00FF9ED6 /* Release */,
			);
			defaultConfigurationIsVisible = 0;
			defaultConfigurationName = Release;
		};
/* End XCConfigurationList section */
	};
	rootObject = 9F6150EE1D1F7D6900FF9ED6 /* Project object */;
}
